[[package]]
name = "linked_list_allocator"
version = "0.6.3"
source = "registry+https://github.com/rust-lang/crates.io-index"
dependencies = [
 "spin 0.4.9 (registry+https://github.com/rust-lang/crates.io-index)",
]

[[package]]
name = "proc-macro2"
version = "0.4.13"
source = "registry+https://github.com/rust-lang/crates.io-index"
dependencies = [
 "unicode-xid 0.1.0 (registry+https://github.com/rust-lang/crates.io-index)",
]

[[package]]
name = "spin"
version = "0.4.9"
source = "registry+https://github.com/rust-lang/crates.io-index"

[[package]]
name = "tock"
version = "0.1.0"
dependencies = [
 "linked_list_allocator 0.6.3 (registry+https://github.com/rust-lang/crates.io-index)",
 "proc-macro2 0.4.13 (registry+https://github.com/rust-lang/crates.io-index)",
]

[[package]]
name = "tockfridge"
version = "0.1.0"
dependencies = [
 "tock 0.1.0",
]

[[package]]
name = "unicode-xid"
version = "0.1.0"
source = "registry+https://github.com/rust-lang/crates.io-index"

[metadata]
"checksum linked_list_allocator 0.6.3 (registry+https://github.com/rust-lang/crates.io-index)" = "655d57c71827fe0891ce72231b6aa5e14033dae3f604609e6a6f807267c1678d"
"checksum proc-macro2 0.4.13 (registry+https://github.com/rust-lang/crates.io-index)" = "ee5697238f0d893c7f0ecc59c0999f18d2af85e424de441178bcacc9f9e6cf67"
"checksum spin 0.4.9 (registry+https://github.com/rust-lang/crates.io-index)" = "37b5646825922b96b5d7d676b5bb3458a54498e96ed7b0ce09dc43a07038fea4"
"checksum unicode-xid 0.1.0 (registry+https://github.com/rust-lang/crates.io-index)" = "fc72304796d0818e357ead4e000d19c9c174ab23dc11093ac919054d20a6a7fc"
